
Microsoft Visual Studio Solution File, Format Version 12.00
# Visual Studio Version 16
VisualStudioVersion = 16.0.30114.105
MinimumVisualStudioVersion = 10.0.40219.1
Project("{2150E333-8FDC-42A3-9474-1A3956D46DE8}") = "src", "src", "{6C79F982-1228-4B8E-A32F-08D713CB4AAB}"
EndProject
Project("{FAE04EC0-301F-11D3-BF4B-00C04F79EFBC}") = "NetTopologySuite.Swagger", "src\NetTopologySuite.Swagger\NetTopologySuite.Swagger.csproj", "{8337F936-2712-419B-886D-4FBCD8DC6C44}"
EndProject
Project("{2150E333-8FDC-42A3-9474-1A3956D46DE8}") = "simples", "simples", "{275F71EE-456A-4C29-AD08-367764699776}"
EndProject
Project("{FAE04EC0-301F-11D3-BF4B-00C04F79EFBC}") = "NetTopologySuite.Swagger.Simple", "simples\NetTopologySuite.Swagger.Simple\NetTopologySuite.Swagger.Simple.csproj", "{FC5EC583-9041-4E3A-904D-05499B4D0289}"
EndProject
Global
	GlobalSection(SolutionConfigurationPlatforms) = preSolution
		Debug|Any CPU = Debug|Any CPU
		Release|Any CPU = Release|Any CPU
	EndGlobalSection
	GlobalSection(SolutionProperties) = preSolution
		HideSolutionNode = FALSE
	EndGlobalSection
	GlobalSection(ProjectConfigurationPlatforms) = postSolution
		{8337F936-2712-419B-886D-4FBCD8DC6C44}.Debug|Any CPU.ActiveCfg = Debug|Any CPU
		{8337F936-2712-419B-886D-4FBCD8DC6C44}.Debug|Any CPU.Build.0 = Debug|Any CPU
		{8337F936-2712-419B-886D-4FBCD8DC6C44}.Release|Any CPU.ActiveCfg = Release|Any CPU
		{8337F936-2712-419B-886D-4FBCD8DC6C44}.Release|Any CPU.Build.0 = Release|Any CPU
		{FC5EC583-9041-4E3A-904D-05499B4D0289}.Debug|Any CPU.ActiveCfg = Debug|Any CPU
		{FC5EC583-9041-4E3A-904D-05499B4D0289}.Debug|Any CPU.Build.0 = Debug|Any CPU
		{FC5EC583-9041-4E3A-904D-05499B4D0289}.Release|Any CPU.ActiveCfg = Release|Any CPU
		{FC5EC583-9041-4E3A-904D-05499B4D0289}.Release|Any CPU.Build.0 = Release|Any CPU
	EndGlobalSection
	GlobalSection(NestedProjects) = preSolution
		{8337F936-2712-419B-886D-4FBCD8DC6C44} = {6C79F982-1228-4B8E-A32F-08D713CB4AAB}
		{FC5EC583-9041-4E3A-904D-05499B4D0289} = {275F71EE-456A-4C29-AD08-367764699776}
	EndGlobalSection
EndGlobal
